// !$*UTF8*$!
{
	archiveVersion = 1;
	classes = {
	};
	objectVersion = 52;
	objects = {

/* Begin PBXBuildFile section */
		B44107AA25D41077004FF208 /* AudioKit.xcframework in Frameworks */ = {isa = PBXBuildFile; fileRef = B44107A925D41077004FF208 /* AudioKit.xcframework */; };
		B44107AB25D41077004FF208 /* AudioKit.xcframework in Embed Frameworks */ = {isa = PBXBuildFile; fileRef = B44107A925D41077004FF208 /* AudioKit.xcframework */; settings = {ATTRIBUTES = (CodeSignOnCopy, RemoveHeadersOnCopy, ); }; };
		B44107AD25D41093004FF208 /* AudioKitUI.xcframework in Frameworks */ = {isa = PBXBuildFile; fileRef = B44107AC25D41093004FF208 /* AudioKitUI.xcframework */; };
		B44107AE25D41093004FF208 /* AudioKitUI.xcframework in Embed Frameworks */ = {isa = PBXBuildFile; fileRef = B44107AC25D41093004FF208 /* AudioKitUI.xcframework */; settings = {ATTRIBUTES = (CodeSignOnCopy, RemoveHeadersOnCopy, ); }; };
		B44107B125D5388D004FF208 /* EnterSongNameViewController.swift in Sources */ = {isa = PBXBuildFile; fileRef = B44107B025D5388D004FF208 /* EnterSongNameViewController.swift */; };
		B44107B325DB4A36004FF208 /* ViewController+Buttons.swift in Sources */ = {isa = PBXBuildFile; fileRef = B44107B225DB4A36004FF208 /* ViewController+Buttons.swift */; };
		B44107B525DB6C67004FF208 /* UIColor+CustomPalette.swift in Sources */ = {isa = PBXBuildFile; fileRef = B44107B425DB6C67004FF208 /* UIColor+CustomPalette.swift */; };
		B44107B725DBDB8A004FF208 /* ChordDictViewController.swift in Sources */ = {isa = PBXBuildFile; fileRef = B44107B625DBDB8A004FF208 /* ChordDictViewController.swift */; };
		B44107B925DBEF9C004FF208 /* ChordButtonsView.swift in Sources */ = {isa = PBXBuildFile; fileRef = B44107B825DBEF9C004FF208 /* ChordButtonsView.swift */; };
		B4427E9F25CE91AC0056BAE9 /* low tick.mp3 in Resources */ = {isa = PBXBuildFile; fileRef = B4427E9D25CE91AC0056BAE9 /* low tick.mp3 */; };
		B4427EA025CE91AC0056BAE9 /* high tick.mp3 in Resources */ = {isa = PBXBuildFile; fileRef = B4427E9E25CE91AC0056BAE9 /* high tick.mp3 */; };
		B46F67B325CAA0F60097CFA2 /* AppDelegate.swift in Sources */ = {isa = PBXBuildFile; fileRef = B46F67B225CAA0F60097CFA2 /* AppDelegate.swift */; };
		B46F67B525CAA0F60097CFA2 /* SceneDelegate.swift in Sources */ = {isa = PBXBuildFile; fileRef = B46F67B425CAA0F60097CFA2 /* SceneDelegate.swift */; };
		B46F67B725CAA0F60097CFA2 /* ViewController.swift in Sources */ = {isa = PBXBuildFile; fileRef = B46F67B625CAA0F60097CFA2 /* ViewController.swift */; };
		B46F67BA25CAA0F60097CFA2 /* Main.storyboard in Resources */ = {isa = PBXBuildFile; fileRef = B46F67B825CAA0F60097CFA2 /* Main.storyboard */; };
		B46F67BC25CAA0F90097CFA2 /* Assets.xcassets in Resources */ = {isa = PBXBuildFile; fileRef = B46F67BB25CAA0F90097CFA2 /* Assets.xcassets */; };
		B46F67BF25CAA0F90097CFA2 /* LaunchScreen.storyboard in Resources */ = {isa = PBXBuildFile; fileRef = B46F67BD25CAA0F90097CFA2 /* LaunchScreen.storyboard */; };
		B46F67C825CAA22F0097CFA2 /* ChordAnalyzer.swift in Sources */ = {isa = PBXBuildFile; fileRef = B46F67C725CAA22F0097CFA2 /* ChordAnalyzer.swift */; };
		B46F67CC25CADC390097CFA2 /* GuitarChordView.swift in Sources */ = {isa = PBXBuildFile; fileRef = B46F67CB25CADC390097CFA2 /* GuitarChordView.swift */; };
		B47D8DCC25D163E7009FB15C /* ChordForm.xcdatamodeld in Sources */ = {isa = PBXBuildFile; fileRef = B47D8DCA25D163E7009FB15C /* ChordForm.xcdatamodeld */; };
		B47D8DD025D22D38009FB15C /* ChordForm+CoreDataClass.swift in Sources */ = {isa = PBXBuildFile; fileRef = B47D8DCE25D22D38009FB15C /* ChordForm+CoreDataClass.swift */; };
		B47D8DD125D22D38009FB15C /* ChordForm+CoreDataProperties.swift in Sources */ = {isa = PBXBuildFile; fileRef = B47D8DCF25D22D38009FB15C /* ChordForm+CoreDataProperties.swift */; };
		B47D8DD525D235B6009FB15C /* CoreDataManager.swift in Sources */ = {isa = PBXBuildFile; fileRef = B47D8DD425D235B6009FB15C /* CoreDataManager.swift */; };
		B47D8DDC25D23C9B009FB15C /* IntroViewController.swift in Sources */ = {isa = PBXBuildFile; fileRef = B47D8DDB25D23C9B009FB15C /* IntroViewController.swift */; };
		B47D8DEA25D28C75009FB15C /* chord_fingers.json in Resources */ = {isa = PBXBuildFile; fileRef = B47D8DE925D28C75009FB15C /* chord_fingers.json */; };
		B485D97725EF9FE100824019 /* .swiftlint.yml in Resources */ = {isa = PBXBuildFile; fileRef = B485D97625EF9FE100824019 /* .swiftlint.yml */; };
		B485D97925F3A30F00824019 /* Sheet.swift in Sources */ = {isa = PBXBuildFile; fileRef = B485D97825F3A30F00824019 /* Sheet.swift */; };
		B485D97B25F3B00800824019 /* PlaySongViewController.swift in Sources */ = {isa = PBXBuildFile; fileRef = B485D97A25F3B00800824019 /* PlaySongViewController.swift */; };
		B485D97D25F3BBB600824019 /* MetronomeView.swift in Sources */ = {isa = PBXBuildFile; fileRef = B485D97C25F3BBB600824019 /* MetronomeView.swift */; };
		B485D97F25F3BF6800824019 /* ExerciseViewController.swift in Sources */ = {isa = PBXBuildFile; fileRef = B485D97E25F3BF6800824019 /* ExerciseViewController.swift */; };
		B485D98125F6683500824019 /* MetronomeView+Audio.swift in Sources */ = {isa = PBXBuildFile; fileRef = B485D98025F6683500824019 /* MetronomeView+Audio.swift */; };
		B491EF3925FA3D4900BD6B7A /* Protocols.swift in Sources */ = {isa = PBXBuildFile; fileRef = B491EF3825FA3D4900BD6B7A /* Protocols.swift */; };
		B491EF3B25FA40AC00BD6B7A /* BeatHighlightView.swift in Sources */ = {isa = PBXBuildFile; fileRef = B491EF3A25FA40AC00BD6B7A /* BeatHighlightView.swift */; };
		B4955E8E25DE3E7D00F9E4D9 /* LoadingView.swift in Sources */ = {isa = PBXBuildFile; fileRef = B4955E8D25DE3E7D00F9E4D9 /* LoadingView.swift */; };
		B4CB97B925DF7A33007F4B36 /* UIButton+CustomButtonShape.swift in Sources */ = {isa = PBXBuildFile; fileRef = B4CB97B825DF7A33007F4B36 /* UIButton+CustomButtonShape.swift */; };
		B4CB97BB25DF9D32007F4B36 /* CustomRightSegue.swift in Sources */ = {isa = PBXBuildFile; fileRef = B4CB97BA25DF9D32007F4B36 /* CustomRightSegue.swift */; };
		B4CB97BF25E00007007F4B36 /* ShowLyricsViewController.swift in Sources */ = {isa = PBXBuildFile; fileRef = B4CB97BE25E00007007F4B36 /* ShowLyricsViewController.swift */; };
		B4CB97C125E29290007F4B36 /* MenuViewController.swift in Sources */ = {isa = PBXBuildFile; fileRef = B4CB97C025E29290007F4B36 /* MenuViewController.swift */; };
		B4CB97C325E34E42007F4B36 /* MenuButtonView.swift in Sources */ = {isa = PBXBuildFile; fileRef = B4CB97C225E34E42007F4B36 /* MenuButtonView.swift */; };
		B4CB97C525E4C9F4007F4B36 /* LyricsView.swift in Sources */ = {isa = PBXBuildFile; fileRef = B4CB97C425E4C9F4007F4B36 /* LyricsView.swift */; };
		B4CB97CE25E60F21007F4B36 /* ChordNoteSelectView.swift in Sources */ = {isa = PBXBuildFile; fileRef = B4CB97CD25E60F21007F4B36 /* ChordNoteSelectView.swift */; };
		B4CB97D025E8DD71007F4B36 /* CGFloat+FontSize.swift in Sources */ = {isa = PBXBuildFile; fileRef = B4CB97CF25E8DD71007F4B36 /* CGFloat+FontSize.swift */; };
/* End PBXBuildFile section */

/* Begin PBXCopyFilesBuildPhase section */
		B44107A425D40C2A004FF208 /* Embed Frameworks */ = {
			isa = PBXCopyFilesBuildPhase;
			buildActionMask = 2147483647;
			dstPath = "";
			dstSubfolderSpec = 10;
			files = (
				B44107AE25D41093004FF208 /* AudioKitUI.xcframework in Embed Frameworks */,
				B44107AB25D41077004FF208 /* AudioKit.xcframework in Embed Frameworks */,
			);
			name = "Embed Frameworks";
			runOnlyForDeploymentPostprocessing = 0;
		};
/* End PBXCopyFilesBuildPhase section */

/* Begin PBXFileReference section */
		B44107A925D41077004FF208 /* AudioKit.xcframework */ = {isa = PBXFileReference; lastKnownFileType = wrapper.xcframework; name = AudioKit.xcframework; path = Pods/AudioKit/AudioKit.xcframework; sourceTree = "<group>"; };
		B44107AC25D41093004FF208 /* AudioKitUI.xcframework */ = {isa = PBXFileReference; lastKnownFileType = wrapper.xcframework; name = AudioKitUI.xcframework; path = Pods/AudioKit/AudioKitUI.xcframework; sourceTree = "<group>"; };
		B44107AF25D410BF004FF208 /* Pods-ChordBox */ = {isa = PBXFileReference; lastKnownFileType = folder; name = "Pods-ChordBox"; path = "Pods/Target Support Files/Pods-ChordBox"; sourceTree = "<group>"; };
		B44107B025D5388D004FF208 /* EnterSongNameViewController.swift */ = {isa = PBXFileReference; lastKnownFileType = sourcecode.swift; path = EnterSongNameViewController.swift; sourceTree = "<group>"; };
		B44107B225DB4A36004FF208 /* ViewController+Buttons.swift */ = {isa = PBXFileReference; lastKnownFileType = sourcecode.swift; path = "ViewController+Buttons.swift"; sourceTree = "<group>"; };
		B44107B425DB6C67004FF208 /* UIColor+CustomPalette.swift */ = {isa = PBXFileReference; lastKnownFileType = sourcecode.swift; path = "UIColor+CustomPalette.swift"; sourceTree = "<group>"; };
		B44107B625DBDB8A004FF208 /* ChordDictViewController.swift */ = {isa = PBXFileReference; lastKnownFileType = sourcecode.swift; path = ChordDictViewController.swift; sourceTree = "<group>"; };
		B44107B825DBEF9C004FF208 /* ChordButtonsView.swift */ = {isa = PBXFileReference; lastKnownFileType = sourcecode.swift; path = ChordButtonsView.swift; sourceTree = "<group>"; };
		B4427E9D25CE91AC0056BAE9 /* low tick.mp3 */ = {isa = PBXFileReference; lastKnownFileType = audio.mp3; name = "low tick.mp3"; path = "../../../Desktop/low tick.mp3"; sourceTree = "<group>"; };
		B4427E9E25CE91AC0056BAE9 /* high tick.mp3 */ = {isa = PBXFileReference; lastKnownFileType = audio.mp3; name = "high tick.mp3"; path = "../../../Desktop/high tick.mp3"; sourceTree = "<group>"; };
		B46F67AF25CAA0F60097CFA2 /* ChordBox.app */ = {isa = PBXFileReference; explicitFileType = wrapper.application; includeInIndex = 0; path = ChordBox.app; sourceTree = BUILT_PRODUCTS_DIR; };
		B46F67B225CAA0F60097CFA2 /* AppDelegate.swift */ = {isa = PBXFileReference; lastKnownFileType = sourcecode.swift; path = AppDelegate.swift; sourceTree = "<group>"; };
		B46F67B425CAA0F60097CFA2 /* SceneDelegate.swift */ = {isa = PBXFileReference; lastKnownFileType = sourcecode.swift; path = SceneDelegate.swift; sourceTree = "<group>"; };
		B46F67B625CAA0F60097CFA2 /* ViewController.swift */ = {isa = PBXFileReference; lastKnownFileType = sourcecode.swift; path = ViewController.swift; sourceTree = "<group>"; };
		B46F67B925CAA0F60097CFA2 /* Base */ = {isa = PBXFileReference; lastKnownFileType = file.storyboard; name = Base; path = Base.lproj/Main.storyboard; sourceTree = "<group>"; };
		B46F67BB25CAA0F90097CFA2 /* Assets.xcassets */ = {isa = PBXFileReference; lastKnownFileType = folder.assetcatalog; path = Assets.xcassets; sourceTree = "<group>"; };
		B46F67BE25CAA0F90097CFA2 /* Base */ = {isa = PBXFileReference; lastKnownFileType = file.storyboard; name = Base; path = Base.lproj/LaunchScreen.storyboard; sourceTree = "<group>"; };
		B46F67C025CAA0F90097CFA2 /* Info.plist */ = {isa = PBXFileReference; lastKnownFileType = text.plist.xml; path = Info.plist; sourceTree = "<group>"; };
		B46F67C725CAA22F0097CFA2 /* ChordAnalyzer.swift */ = {isa = PBXFileReference; lastKnownFileType = sourcecode.swift; path = ChordAnalyzer.swift; sourceTree = "<group>"; };
		B46F67CB25CADC390097CFA2 /* GuitarChordView.swift */ = {isa = PBXFileReference; lastKnownFileType = sourcecode.swift; path = GuitarChordView.swift; sourceTree = "<group>"; };
		B47D8DCB25D163E7009FB15C /* ChordData.xcdatamodel */ = {isa = PBXFileReference; lastKnownFileType = wrapper.xcdatamodel; path = ChordData.xcdatamodel; sourceTree = "<group>"; };
		B47D8DCE25D22D38009FB15C /* ChordForm+CoreDataClass.swift */ = {isa = PBXFileReference; lastKnownFileType = sourcecode.swift; path = "ChordForm+CoreDataClass.swift"; sourceTree = "<group>"; };
		B47D8DCF25D22D38009FB15C /* ChordForm+CoreDataProperties.swift */ = {isa = PBXFileReference; lastKnownFileType = sourcecode.swift; path = "ChordForm+CoreDataProperties.swift"; sourceTree = "<group>"; };
		B47D8DD425D235B6009FB15C /* CoreDataManager.swift */ = {isa = PBXFileReference; lastKnownFileType = sourcecode.swift; path = CoreDataManager.swift; sourceTree = "<group>"; };
		B47D8DDB25D23C9B009FB15C /* IntroViewController.swift */ = {isa = PBXFileReference; lastKnownFileType = sourcecode.swift; path = IntroViewController.swift; sourceTree = "<group>"; };
		B47D8DE925D28C75009FB15C /* chord_fingers.json */ = {isa = PBXFileReference; fileEncoding = 4; lastKnownFileType = text.json; path = chord_fingers.json; sourceTree = "<group>"; };
		B485D97625EF9FE100824019 /* .swiftlint.yml */ = {isa = PBXFileReference; lastKnownFileType = text.yaml; path = .swiftlint.yml; sourceTree = "<group>"; };
		B485D97825F3A30F00824019 /* Sheet.swift */ = {isa = PBXFileReference; lastKnownFileType = sourcecode.swift; path = Sheet.swift; sourceTree = "<group>"; };
		B485D97A25F3B00800824019 /* PlaySongViewController.swift */ = {isa = PBXFileReference; lastKnownFileType = sourcecode.swift; path = PlaySongViewController.swift; sourceTree = "<group>"; };
		B485D97C25F3BBB600824019 /* MetronomeView.swift */ = {isa = PBXFileReference; lastKnownFileType = sourcecode.swift; path = MetronomeView.swift; sourceTree = "<group>"; };
		B485D97E25F3BF6800824019 /* ExerciseViewController.swift */ = {isa = PBXFileReference; lastKnownFileType = sourcecode.swift; path = ExerciseViewController.swift; sourceTree = "<group>"; };
		B485D98025F6683500824019 /* MetronomeView+Audio.swift */ = {isa = PBXFileReference; lastKnownFileType = sourcecode.swift; path = "MetronomeView+Audio.swift"; sourceTree = "<group>"; };
		B491EF3825FA3D4900BD6B7A /* Protocols.swift */ = {isa = PBXFileReference; lastKnownFileType = sourcecode.swift; path = Protocols.swift; sourceTree = "<group>"; };
		B491EF3A25FA40AC00BD6B7A /* BeatHighlightView.swift */ = {isa = PBXFileReference; lastKnownFileType = sourcecode.swift; path = BeatHighlightView.swift; sourceTree = "<group>"; };
		B4955E8D25DE3E7D00F9E4D9 /* LoadingView.swift */ = {isa = PBXFileReference; lastKnownFileType = sourcecode.swift; path = LoadingView.swift; sourceTree = "<group>"; };
		B4CB97B825DF7A33007F4B36 /* UIButton+CustomButtonShape.swift */ = {isa = PBXFileReference; lastKnownFileType = sourcecode.swift; path = "UIButton+CustomButtonShape.swift"; sourceTree = "<group>"; };
		B4CB97BA25DF9D32007F4B36 /* CustomRightSegue.swift */ = {isa = PBXFileReference; lastKnownFileType = sourcecode.swift; path = CustomRightSegue.swift; sourceTree = "<group>"; };
		B4CB97BE25E00007007F4B36 /* ShowLyricsViewController.swift */ = {isa = PBXFileReference; lastKnownFileType = sourcecode.swift; path = ShowLyricsViewController.swift; sourceTree = "<group>"; };
		B4CB97C025E29290007F4B36 /* MenuViewController.swift */ = {isa = PBXFileReference; lastKnownFileType = sourcecode.swift; path = MenuViewController.swift; sourceTree = "<group>"; };
		B4CB97C225E34E42007F4B36 /* MenuButtonView.swift */ = {isa = PBXFileReference; lastKnownFileType = sourcecode.swift; path = MenuButtonView.swift; sourceTree = "<group>"; };
		B4CB97C425E4C9F4007F4B36 /* LyricsView.swift */ = {isa = PBXFileReference; lastKnownFileType = sourcecode.swift; path = LyricsView.swift; sourceTree = "<group>"; };
		B4CB97CD25E60F21007F4B36 /* ChordNoteSelectView.swift */ = {isa = PBXFileReference; lastKnownFileType = sourcecode.swift; path = ChordNoteSelectView.swift; sourceTree = "<group>"; };
		B4CB97CF25E8DD71007F4B36 /* CGFloat+FontSize.swift */ = {isa = PBXFileReference; lastKnownFileType = sourcecode.swift; path = "CGFloat+FontSize.swift"; sourceTree = "<group>"; };
		B8722843E352B923F8FA6B82 /* Pods-ChordBox.debug.xcconfig */ = {isa = PBXFileReference; includeInIndex = 1; lastKnownFileType = text.xcconfig; name = "Pods-ChordBox.debug.xcconfig"; path = "Target Support Files/Pods-ChordBox/Pods-ChordBox.debug.xcconfig"; sourceTree = "<group>"; };
		EB8B2A202AD259CC772930A6 /* Pods-ChordBox.release.xcconfig */ = {isa = PBXFileReference; includeInIndex = 1; lastKnownFileType = text.xcconfig; name = "Pods-ChordBox.release.xcconfig"; path = "Target Support Files/Pods-ChordBox/Pods-ChordBox.release.xcconfig"; sourceTree = "<group>"; };
/* End PBXFileReference section */

/* Begin PBXFrameworksBuildPhase section */
		B46F67AC25CAA0F60097CFA2 /* Frameworks */ = {
			isa = PBXFrameworksBuildPhase;
			buildActionMask = 2147483647;
			files = (
				B44107AD25D41093004FF208 /* AudioKitUI.xcframework in Frameworks */,
				B44107AA25D41077004FF208 /* AudioKit.xcframework in Frameworks */,
			);
			runOnlyForDeploymentPostprocessing = 0;
		};
/* End PBXFrameworksBuildPhase section */

/* Begin PBXGroup section */
		4DE3E0F75F4C475BC6641ED2 /* Pods */ = {
			isa = PBXGroup;
			children = (
				B8722843E352B923F8FA6B82 /* Pods-ChordBox.debug.xcconfig */,
				EB8B2A202AD259CC772930A6 /* Pods-ChordBox.release.xcconfig */,
			);
			path = Pods;
			sourceTree = "<group>";
		};
		B46F67A625CAA0F60097CFA2 = {
			isa = PBXGroup;
			children = (
				B485D97625EF9FE100824019 /* .swiftlint.yml */,
				B46F67B125CAA0F60097CFA2 /* ChordBox */,
				B46F67B025CAA0F60097CFA2 /* Products */,
				4DE3E0F75F4C475BC6641ED2 /* Pods */,
				DD04AA4CC713FAEB80E41946 /* Frameworks */,
			);
			sourceTree = "<group>";
		};
		B46F67B025CAA0F60097CFA2 /* Products */ = {
			isa = PBXGroup;
			children = (
				B46F67AF25CAA0F60097CFA2 /* ChordBox.app */,
			);
			name = Products;
			sourceTree = "<group>";
		};
		B46F67B125CAA0F60097CFA2 /* ChordBox */ = {
			isa = PBXGroup;
			children = (
				B46F67B225CAA0F60097CFA2 /* AppDelegate.swift */,
				B46F67B425CAA0F60097CFA2 /* SceneDelegate.swift */,
				B46F67B625CAA0F60097CFA2 /* ViewController.swift */,
				B485D97E25F3BF6800824019 /* ExerciseViewController.swift */,
				B44107B225DB4A36004FF208 /* ViewController+Buttons.swift */,
				B47D8DDB25D23C9B009FB15C /* IntroViewController.swift */,
				B4CB97C025E29290007F4B36 /* MenuViewController.swift */,
				B44107B625DBDB8A004FF208 /* ChordDictViewController.swift */,
				B491EF3A25FA40AC00BD6B7A /* BeatHighlightView.swift */,
				B44107B025D5388D004FF208 /* EnterSongNameViewController.swift */,
				B4CB97BE25E00007007F4B36 /* ShowLyricsViewController.swift */,
				B485D97A25F3B00800824019 /* PlaySongViewController.swift */,
				B485D97C25F3BBB600824019 /* MetronomeView.swift */,
				B485D98025F6683500824019 /* MetronomeView+Audio.swift */,
				B491EF3825FA3D4900BD6B7A /* Protocols.swift */,
				B47D8DD425D235B6009FB15C /* CoreDataManager.swift */,
				B46F67C725CAA22F0097CFA2 /* ChordAnalyzer.swift */,
				B46F67CB25CADC390097CFA2 /* GuitarChordView.swift */,
				B44107B825DBEF9C004FF208 /* ChordButtonsView.swift */,
				B4955E8D25DE3E7D00F9E4D9 /* LoadingView.swift */,
				B4CB97C425E4C9F4007F4B36 /* LyricsView.swift */,
				B4CB97C225E34E42007F4B36 /* MenuButtonView.swift */,
				B4CB97CD25E60F21007F4B36 /* ChordNoteSelectView.swift */,
				B4CB97BA25DF9D32007F4B36 /* CustomRightSegue.swift */,
				B44107B425DB6C67004FF208 /* UIColor+CustomPalette.swift */,
				B4CB97B825DF7A33007F4B36 /* UIButton+CustomButtonShape.swift */,
				B4CB97CF25E8DD71007F4B36 /* CGFloat+FontSize.swift */,
				B47D8DCA25D163E7009FB15C /* ChordForm.xcdatamodeld */,
				B485D97825F3A30F00824019 /* Sheet.swift */,
				B47D8DCE25D22D38009FB15C /* ChordForm+CoreDataClass.swift */,
				B47D8DCF25D22D38009FB15C /* ChordForm+CoreDataProperties.swift */,
				B4427E9E25CE91AC0056BAE9 /* high tick.mp3 */,
				B4427E9D25CE91AC0056BAE9 /* low tick.mp3 */,
				B47D8DE925D28C75009FB15C /* chord_fingers.json */,
				B46F67B825CAA0F60097CFA2 /* Main.storyboard */,
				B46F67BD25CAA0F90097CFA2 /* LaunchScreen.storyboard */,
				B46F67BB25CAA0F90097CFA2 /* Assets.xcassets */,
				B46F67C025CAA0F90097CFA2 /* Info.plist */,
			);
			path = ChordBox;
			sourceTree = "<group>";
		};
		DD04AA4CC713FAEB80E41946 /* Frameworks */ = {
			isa = PBXGroup;
			children = (
				B44107AF25D410BF004FF208 /* Pods-ChordBox */,
				B44107AC25D41093004FF208 /* AudioKitUI.xcframework */,
				B44107A925D41077004FF208 /* AudioKit.xcframework */,
			);
			name = Frameworks;
			sourceTree = "<group>";
		};
/* End PBXGroup section */

/* Begin PBXNativeTarget section */
		B46F67AE25CAA0F60097CFA2 /* ChordBox */ = {
			isa = PBXNativeTarget;
			buildConfigurationList = B46F67C325CAA0F90097CFA2 /* Build configuration list for PBXNativeTarget "ChordBox" */;
			buildPhases = (
				045C286EF496B6DD034723C0 /* [CP] Check Pods Manifest.lock */,
				B46F67AB25CAA0F60097CFA2 /* Sources */,
				B46F67AC25CAA0F60097CFA2 /* Frameworks */,
				B46F67AD25CAA0F60097CFA2 /* Resources */,
				B44107A425D40C2A004FF208 /* Embed Frameworks */,
				B485D97525EF9EC600824019 /* ShellScript */,
			);
			buildRules = (
			);
			dependencies = (
			);
			name = ChordBox;
			productName = ChordBox;
			productReference = B46F67AF25CAA0F60097CFA2 /* ChordBox.app */;
			productType = "com.apple.product-type.application";
		};
/* End PBXNativeTarget section */

/* Begin PBXProject section */
		B46F67A725CAA0F60097CFA2 /* Project object */ = {
			isa = PBXProject;
			attributes = {
				LastSwiftUpdateCheck = 1240;
				LastUpgradeCheck = 1240;
				TargetAttributes = {
					B46F67AE25CAA0F60097CFA2 = {
						CreatedOnToolsVersion = 12.4;
					};
				};
			};
			buildConfigurationList = B46F67AA25CAA0F60097CFA2 /* Build configuration list for PBXProject "ChordBox" */;
			compatibilityVersion = "Xcode 9.3";
			developmentRegion = en;
			hasScannedForEncodings = 0;
			knownRegions = (
				en,
				Base,
			);
			mainGroup = B46F67A625CAA0F60097CFA2;
			productRefGroup = B46F67B025CAA0F60097CFA2 /* Products */;
			projectDirPath = "";
			projectRoot = "";
			targets = (
				B46F67AE25CAA0F60097CFA2 /* ChordBox */,
			);
		};
/* End PBXProject section */

/* Begin PBXResourcesBuildPhase section */
		B46F67AD25CAA0F60097CFA2 /* Resources */ = {
			isa = PBXResourcesBuildPhase;
			buildActionMask = 2147483647;
			files = (
				B46F67BF25CAA0F90097CFA2 /* LaunchScreen.storyboard in Resources */,
				B46F67BC25CAA0F90097CFA2 /* Assets.xcassets in Resources */,
				B4427EA025CE91AC0056BAE9 /* high tick.mp3 in Resources */,
				B485D97725EF9FE100824019 /* .swiftlint.yml in Resources */,
				B46F67BA25CAA0F60097CFA2 /* Main.storyboard in Resources */,
				B4427E9F25CE91AC0056BAE9 /* low tick.mp3 in Resources */,
				B47D8DEA25D28C75009FB15C /* chord_fingers.json in Resources */,
			);
			runOnlyForDeploymentPostprocessing = 0;
		};
/* End PBXResourcesBuildPhase section */

/* Begin PBXShellScriptBuildPhase section */
		045C286EF496B6DD034723C0 /* [CP] Check Pods Manifest.lock */ = {
			isa = PBXShellScriptBuildPhase;
			buildActionMask = 2147483647;
			files = (
			);
			inputFileListPaths = (
			);
			inputPaths = (
				"${PODS_PODFILE_DIR_PATH}/Podfile.lock",
				"${PODS_ROOT}/Manifest.lock",
			);
			name = "[CP] Check Pods Manifest.lock";
			outputFileListPaths = (
			);
			outputPaths = (
				"$(DERIVED_FILE_DIR)/Pods-ChordBox-checkManifestLockResult.txt",
			);
			runOnlyForDeploymentPostprocessing = 0;
			shellPath = /bin/sh;
			shellScript = "diff \"${PODS_PODFILE_DIR_PATH}/Podfile.lock\" \"${PODS_ROOT}/Manifest.lock\" > /dev/null\nif [ $? != 0 ] ; then\n    # print error to STDERR\n    echo \"error: The sandbox is not in sync with the Podfile.lock. Run 'pod install' or update your CocoaPods installation.\" >&2\n    exit 1\nfi\n# This output is used by Xcode 'outputs' to avoid re-running this script phase.\necho \"SUCCESS\" > \"${SCRIPT_OUTPUT_FILE_0}\"\n";
			showEnvVarsInLog = 0;
		};
		B485D97525EF9EC600824019 /* ShellScript */ = {
			isa = PBXShellScriptBuildPhase;
			buildActionMask = 12;
			files = (
			);
			inputFileListPaths = (
			);
			inputPaths = (
			);
			outputFileListPaths = (
			);
			outputPaths = (
			);
			runOnlyForDeploymentPostprocessing = 0;
			shellPath = /bin/sh;
			shellScript = "# Type a script or drag a script file from your workspace to insert its path.\n${PODS_ROOT}/SwiftLint/swiftlint\n\n\n";
		};
/* End PBXShellScriptBuildPhase section */

/* Begin PBXSourcesBuildPhase section */
		B46F67AB25CAA0F60097CFA2 /* Sources */ = {
			isa = PBXSourcesBuildPhase;
			buildActionMask = 2147483647;
			files = (
				B44107B325DB4A36004FF208 /* ViewController+Buttons.swift in Sources */,
				B44107B125D5388D004FF208 /* EnterSongNameViewController.swift in Sources */,
				B46F67CC25CADC390097CFA2 /* GuitarChordView.swift in Sources */,
				B4CB97C325E34E42007F4B36 /* MenuButtonView.swift in Sources */,
				B46F67C825CAA22F0097CFA2 /* ChordAnalyzer.swift in Sources */,
				B4CB97B925DF7A33007F4B36 /* UIButton+CustomButtonShape.swift in Sources */,
				B46F67B725CAA0F60097CFA2 /* ViewController.swift in Sources */,
				B46F67B325CAA0F60097CFA2 /* AppDelegate.swift in Sources */,
				B491EF3B25FA40AC00BD6B7A /* BeatHighlightView.swift in Sources */,
				B4CB97C525E4C9F4007F4B36 /* LyricsView.swift in Sources */,
				B47D8DD125D22D38009FB15C /* ChordForm+CoreDataProperties.swift in Sources */,
				B485D98125F6683500824019 /* MetronomeView+Audio.swift in Sources */,
				B47D8DDC25D23C9B009FB15C /* IntroViewController.swift in Sources */,
				B47D8DCC25D163E7009FB15C /* ChordForm.xcdatamodeld in Sources */,
				B4CB97BF25E00007007F4B36 /* ShowLyricsViewController.swift in Sources */,
				B4CB97C125E29290007F4B36 /* MenuViewController.swift in Sources */,
				B491EF3925FA3D4900BD6B7A /* Protocols.swift in Sources */,
				B4955E8E25DE3E7D00F9E4D9 /* LoadingView.swift in Sources */,
				B485D97925F3A30F00824019 /* Sheet.swift in Sources */,
				B44107B525DB6C67004FF208 /* UIColor+CustomPalette.swift in Sources */,
				B47D8DD525D235B6009FB15C /* CoreDataManager.swift in Sources */,
				B485D97D25F3BBB600824019 /* MetronomeView.swift in Sources */,
				B47D8DD025D22D38009FB15C /* ChordForm+CoreDataClass.swift in Sources */,
				B44107B925DBEF9C004FF208 /* ChordButtonsView.swift in Sources */,
				B4CB97BB25DF9D32007F4B36 /* CustomRightSegue.swift in Sources */,
				B485D97F25F3BF6800824019 /* ExerciseViewController.swift in Sources */,
				B4CB97CE25E60F21007F4B36 /* ChordNoteSelectView.swift in Sources */,
				B44107B725DBDB8A004FF208 /* ChordDictViewController.swift in Sources */,
				B4CB97D025E8DD71007F4B36 /* CGFloat+FontSize.swift in Sources */,
				B46F67B525CAA0F60097CFA2 /* SceneDelegate.swift in Sources */,
				B485D97B25F3B00800824019 /* PlaySongViewController.swift in Sources */,
			);
			runOnlyForDeploymentPostprocessing = 0;
		};
/* End PBXSourcesBuildPhase section */

/* Begin PBXVariantGroup section */
		B46F67B825CAA0F60097CFA2 /* Main.storyboard */ = {
			isa = PBXVariantGroup;
			children = (
				B46F67B925CAA0F60097CFA2 /* Base */,
			);
			name = Main.storyboard;
			sourceTree = "<group>";
		};
		B46F67BD25CAA0F90097CFA2 /* LaunchScreen.storyboard */ = {
			isa = PBXVariantGroup;
			children = (
				B46F67BE25CAA0F90097CFA2 /* Base */,
			);
			name = LaunchScreen.storyboard;
			sourceTree = "<group>";
		};
/* End PBXVariantGroup section */

/* Begin XCBuildConfiguration section */
		B46F67C125CAA0F90097CFA2 /* Debug */ = {
			isa = XCBuildConfiguration;
			buildSettings = {
				ALWAYS_SEARCH_USER_PATHS = NO;
				CLANG_ANALYZER_NONNULL = YES;
				CLANG_ANALYZER_NUMBER_OBJECT_CONVERSION = YES_AGGRESSIVE;
				CLANG_CXX_LANGUAGE_STANDARD = "gnu++14";
				CLANG_CXX_LIBRARY = "libc++";
				CLANG_ENABLE_MODULES = YES;
				CLANG_ENABLE_OBJC_ARC = YES;
				CLANG_ENABLE_OBJC_WEAK = YES;
				CLANG_WARN_BLOCK_CAPTURE_AUTORELEASING = YES;
				CLANG_WARN_BOOL_CONVERSION = YES;
				CLANG_WARN_COMMA = YES;
				CLANG_WARN_CONSTANT_CONVERSION = YES;
				CLANG_WARN_DEPRECATED_OBJC_IMPLEMENTATIONS = YES;
				CLANG_WARN_DIRECT_OBJC_ISA_USAGE = YES_ERROR;
				CLANG_WARN_DOCUMENTATION_COMMENTS = YES;
				CLANG_WARN_EMPTY_BODY = YES;
				CLANG_WARN_ENUM_CONVERSION = YES;
				CLANG_WARN_INFINITE_RECURSION = YES;
				CLANG_WARN_INT_CONVERSION = YES;
				CLANG_WARN_NON_LITERAL_NULL_CONVERSION = YES;
				CLANG_WARN_OBJC_IMPLICIT_RETAIN_SELF = YES;
				CLANG_WARN_OBJC_LITERAL_CONVERSION = YES;
				CLANG_WARN_OBJC_ROOT_CLASS = YES_ERROR;
				CLANG_WARN_QUOTED_INCLUDE_IN_FRAMEWORK_HEADER = YES;
				CLANG_WARN_RANGE_LOOP_ANALYSIS = YES;
				CLANG_WARN_STRICT_PROTOTYPES = YES;
				CLANG_WARN_SUSPICIOUS_MOVE = YES;
				CLANG_WARN_UNGUARDED_AVAILABILITY = YES_AGGRESSIVE;
				CLANG_WARN_UNREACHABLE_CODE = YES;
				CLANG_WARN__DUPLICATE_METHOD_MATCH = YES;
				COPY_PHASE_STRIP = NO;
				DEBUG_INFORMATION_FORMAT = dwarf;
				ENABLE_STRICT_OBJC_MSGSEND = YES;
				ENABLE_TESTABILITY = YES;
				GCC_C_LANGUAGE_STANDARD = gnu11;
				GCC_DYNAMIC_NO_PIC = NO;
				GCC_NO_COMMON_BLOCKS = YES;
				GCC_OPTIMIZATION_LEVEL = 0;
				GCC_PREPROCESSOR_DEFINITIONS = (
					"DEBUG=1",
					"$(inherited)",
				);
				GCC_WARN_64_TO_32_BIT_CONVERSION = YES;
				GCC_WARN_ABOUT_RETURN_TYPE = YES_ERROR;
				GCC_WARN_UNDECLARED_SELECTOR = YES;
				GCC_WARN_UNINITIALIZED_AUTOS = YES_AGGRESSIVE;
				GCC_WARN_UNUSED_FUNCTION = YES;
				GCC_WARN_UNUSED_VARIABLE = YES;
				IPHONEOS_DEPLOYMENT_TARGET = 14.4;
				MTL_ENABLE_DEBUG_INFO = INCLUDE_SOURCE;
				MTL_FAST_MATH = YES;
				ONLY_ACTIVE_ARCH = YES;
				SDKROOT = iphoneos;
				SWIFT_ACTIVE_COMPILATION_CONDITIONS = DEBUG;
				SWIFT_OPTIMIZATION_LEVEL = "-Onone";
			};
			name = Debug;
		};
		B46F67C225CAA0F90097CFA2 /* Release */ = {
			isa = XCBuildConfiguration;
			buildSettings = {
				ALWAYS_SEARCH_USER_PATHS = NO;
				CLANG_ANALYZER_NONNULL = YES;
				CLANG_ANALYZER_NUMBER_OBJECT_CONVERSION = YES_AGGRESSIVE;
				CLANG_CXX_LANGUAGE_STANDARD = "gnu++14";
				CLANG_CXX_LIBRARY = "libc++";
				CLANG_ENABLE_MODULES = YES;
				CLANG_ENABLE_OBJC_ARC = YES;
				CLANG_ENABLE_OBJC_WEAK = YES;
				CLANG_WARN_BLOCK_CAPTURE_AUTORELEASING = YES;
				CLANG_WARN_BOOL_CONVERSION = YES;
				CLANG_WARN_COMMA = YES;
				CLANG_WARN_CONSTANT_CONVERSION = YES;
				CLANG_WARN_DEPRECATED_OBJC_IMPLEMENTATIONS = YES;
				CLANG_WARN_DIRECT_OBJC_ISA_USAGE = YES_ERROR;
				CLANG_WARN_DOCUMENTATION_COMMENTS = YES;
				CLANG_WARN_EMPTY_BODY = YES;
				CLANG_WARN_ENUM_CONVERSION = YES;
				CLANG_WARN_INFINITE_RECURSION = YES;
				CLANG_WARN_INT_CONVERSION = YES;
				CLANG_WARN_NON_LITERAL_NULL_CONVERSION = YES;
				CLANG_WARN_OBJC_IMPLICIT_RETAIN_SELF = YES;
				CLANG_WARN_OBJC_LITERAL_CONVERSION = YES;
				CLANG_WARN_OBJC_ROOT_CLASS = YES_ERROR;
				CLANG_WARN_QUOTED_INCLUDE_IN_FRAMEWORK_HEADER = YES;
				CLANG_WARN_RANGE_LOOP_ANALYSIS = YES;
				CLANG_WARN_STRICT_PROTOTYPES = YES;
				CLANG_WARN_SUSPICIOUS_MOVE = YES;
				CLANG_WARN_UNGUARDED_AVAILABILITY = YES_AGGRESSIVE;
				CLANG_WARN_UNREACHABLE_CODE = YES;
				CLANG_WARN__DUPLICATE_METHOD_MATCH = YES;
				COPY_PHASE_STRIP = NO;
				DEBUG_INFORMATION_FORMAT = "dwarf-with-dsym";
				ENABLE_NS_ASSERTIONS = NO;
				ENABLE_STRICT_OBJC_MSGSEND = YES;
				GCC_C_LANGUAGE_STANDARD = gnu11;
				GCC_NO_COMMON_BLOCKS = YES;
				GCC_WARN_64_TO_32_BIT_CONVERSION = YES;
				GCC_WARN_ABOUT_RETURN_TYPE = YES_ERROR;
				GCC_WARN_UNDECLARED_SELECTOR = YES;
				GCC_WARN_UNINITIALIZED_AUTOS = YES_AGGRESSIVE;
				GCC_WARN_UNUSED_FUNCTION = YES;
				GCC_WARN_UNUSED_VARIABLE = YES;
				IPHONEOS_DEPLOYMENT_TARGET = 14.4;
				MTL_ENABLE_DEBUG_INFO = NO;
				MTL_FAST_MATH = YES;
				SDKROOT = iphoneos;
				SWIFT_COMPILATION_MODE = wholemodule;
				SWIFT_OPTIMIZATION_LEVEL = "-O";
				VALIDATE_PRODUCT = YES;
			};
			name = Release;
		};
		B46F67C425CAA0F90097CFA2 /* Debug */ = {
			isa = XCBuildConfiguration;
			baseConfigurationReference = B8722843E352B923F8FA6B82 /* Pods-ChordBox.debug.xcconfig */;
			buildSettings = {
				ASSETCATALOG_COMPILER_APPICON_NAME = AppIcon;
				ASSETCATALOG_COMPILER_GLOBAL_ACCENT_COLOR_NAME = AccentColor;
				CODE_SIGN_STYLE = Automatic;
				DEVELOPMENT_TEAM = 6VJYHQVG2L;
				INFOPLIST_FILE = ChordBox/Info.plist;
				IPHONEOS_DEPLOYMENT_TARGET = 13.0;
				LD_RUNPATH_SEARCH_PATHS = (
					"$(inherited)",
					"@executable_path/Frameworks",
				);
				ONLY_ACTIVE_ARCH = NO;
				PRODUCT_BUNDLE_IDENTIFIER = com.minhoChoi.snu.ac.kr.ChordBox;
				PRODUCT_NAME = "$(TARGET_NAME)";
				SWIFT_VERSION = 5.0;
				TARGETED_DEVICE_FAMILY = "1,2";
			};
			name = Debug;
		};
		B46F67C525CAA0F90097CFA2 /* Release */ = {
			isa = XCBuildConfiguration;
			baseConfigurationReference = EB8B2A202AD259CC772930A6 /* Pods-ChordBox.release.xcconfig */;
			buildSettings = {
				ASSETCATALOG_COMPILER_APPICON_NAME = AppIcon;
				ASSETCATALOG_COMPILER_GLOBAL_ACCENT_COLOR_NAME = AccentColor;
				CODE_SIGN_STYLE = Automatic;
				DEVELOPMENT_TEAM = 6VJYHQVG2L;
				INFOPLIST_FILE = ChordBox/Info.plist;
				IPHONEOS_DEPLOYMENT_TARGET = 13.0;
				LD_RUNPATH_SEARCH_PATHS = (
					"$(inherited)",
					"@executable_path/Frameworks",
				);
				ONLY_ACTIVE_ARCH = NO;
				PRODUCT_BUNDLE_IDENTIFIER = com.minhoChoi.snu.ac.kr.ChordBox;
				PRODUCT_NAME = "$(TARGET_NAME)";
				SWIFT_VERSION = 5.0;
				TARGETED_DEVICE_FAMILY = "1,2";
			};
			name = Release;
		};
/* End XCBuildConfiguration section */

/* Begin XCConfigurationList section */
		B46F67AA25CAA0F60097CFA2 /* Build configuration list for PBXProject "ChordBox" */ = {
			isa = XCConfigurationList;
			buildConfigurations = (
				B46F67C125CAA0F90097CFA2 /* Debug */,
				B46F67C225CAA0F90097CFA2 /* Release */,
			);
			defaultConfigurationIsVisible = 0;
			defaultConfigurationName = Release;
		};
		B46F67C325CAA0F90097CFA2 /* Build configuration list for PBXNativeTarget "ChordBox" */ = {
			isa = XCConfigurationList;
			buildConfigurations = (
				B46F67C425CAA0F90097CFA2 /* Debug */,
				B46F67C525CAA0F90097CFA2 /* Release */,
			);
			defaultConfigurationIsVisible = 0;
			defaultConfigurationName = Release;
		};
/* End XCConfigurationList section */

/* Begin XCVersionGroup section */
		B47D8DCA25D163E7009FB15C /* ChordForm.xcdatamodeld */ = {
			isa = XCVersionGroup;
			children = (
				B47D8DCB25D163E7009FB15C /* ChordData.xcdatamodel */,
			);
			currentVersion = B47D8DCB25D163E7009FB15C /* ChordData.xcdatamodel */;
			path = ChordForm.xcdatamodeld;
			sourceTree = "<group>";
			versionGroupType = wrapper.xcdatamodel;
		};
/* End XCVersionGroup section */
	};
	rootObject = B46F67A725CAA0F60097CFA2 /* Project object */;
}
